// !$*UTF8*$!
{
	archiveVersion = 1;
	classes = {
	};
	objectVersion = 46;
	objects = {

/* Begin PBXBuildFile section */
		6CD17E201BC2D1E100463CE3 /* AppDelegate.swift in Sources */ = {isa = PBXBuildFile; fileRef = 6CD17E1F1BC2D1E100463CE3 /* AppDelegate.swift */; };
		6CD17E251BC2D1E100463CE3 /* Main.storyboard in Resources */ = {isa = PBXBuildFile; fileRef = 6CD17E231BC2D1E100463CE3 /* Main.storyboard */; };
		6CD17E271BC2D1E100463CE3 /* Assets.xcassets in Resources */ = {isa = PBXBuildFile; fileRef = 6CD17E261BC2D1E100463CE3 /* Assets.xcassets */; };
		6CD17E2A1BC2D1E100463CE3 /* LaunchScreen.storyboard in Resources */ = {isa = PBXBuildFile; fileRef = 6CD17E281BC2D1E100463CE3 /* LaunchScreen.storyboard */; };
		6CD17E351BC2D1E100463CE3 /* Quiz_Ch_01Tests.swift in Sources */ = {isa = PBXBuildFile; fileRef = 6CD17E341BC2D1E100463CE3 /* Quiz_Ch_01Tests.swift */; };
		6CD17E401BC2D1E100463CE3 /* Quiz_Ch_01UITests.swift in Sources */ = {isa = PBXBuildFile; fileRef = 6CD17E3F1BC2D1E100463CE3 /* Quiz_Ch_01UITests.swift */; };
		6CD17E4E1BC2DF4100463CE3 /* QuizViewController.swift in Sources */ = {isa = PBXBuildFile; fileRef = 6CD17E4D1BC2DF4100463CE3 /* QuizViewController.swift */; settings = {ASSET_TAGS = (); }; };
		6CD17E501BC2DFC800463CE3 /* Notes.md in Sources */ = {isa = PBXBuildFile; fileRef = 6CD17E4F1BC2DFC800463CE3 /* Notes.md */; settings = {ASSET_TAGS = (); }; };
/* End PBXBuildFile section */

/* Begin PBXContainerItemProxy section */
		6CD17E311BC2D1E100463CE3 /* PBXContainerItemProxy */ = {
			isa = PBXContainerItemProxy;
			containerPortal = 6CD17E141BC2D1E100463CE3 /* Project object */;
			proxyType = 1;
			remoteGlobalIDString = 6CD17E1B1BC2D1E100463CE3;
			remoteInfo = "Quiz-Ch_01";
		};
		6CD17E3C1BC2D1E100463CE3 /* PBXContainerItemProxy */ = {
			isa = PBXContainerItemProxy;
			containerPortal = 6CD17E141BC2D1E100463CE3 /* Project object */;
			proxyType = 1;
			remoteGlobalIDString = 6CD17E1B1BC2D1E100463CE3;
			remoteInfo = "Quiz-Ch_01";
		};
/* End PBXContainerItemProxy section */

/* Begin PBXFileReference section */
		6CD17E1C1BC2D1E100463CE3 /* Quiz-Ch_01.app */ = {isa = PBXFileReference; explicitFileType = wrapper.application; includeInIndex = 0; path = "Quiz-Ch_01.app"; sourceTree = BUILT_PRODUCTS_DIR; };
		6CD17E1F1BC2D1E100463CE3 /* AppDelegate.swift */ = {isa = PBXFileReference; lastKnownFileType = sourcecode.swift; path = AppDelegate.swift; sourceTree = "<group>"; };
		6CD17E241BC2D1E100463CE3 /* Base */ = {isa = PBXFileReference; lastKnownFileType = file.storyboard; name = Base; path = Base.lproj/Main.storyboard; sourceTree = "<group>"; };
		6CD17E261BC2D1E100463CE3 /* Assets.xcassets */ = {isa = PBXFileReference; lastKnownFileType = folder.assetcatalog; path = Assets.xcassets; sourceTree = "<group>"; };
		6CD17E291BC2D1E100463CE3 /* Base */ = {isa = PBXFileReference; lastKnownFileType = file.storyboard; name = Base; path = Base.lproj/LaunchScreen.storyboard; sourceTree = "<group>"; };
		6CD17E2B1BC2D1E100463CE3 /* Info.plist */ = {isa = PBXFileReference; lastKnownFileType = text.plist.xml; path = Info.plist; sourceTree = "<group>"; };
		6CD17E301BC2D1E100463CE3 /* Quiz-Ch_01Tests.xctest */ = {isa = PBXFileReference; explicitFileType = wrapper.cfbundle; includeInIndex = 0; path = "Quiz-Ch_01Tests.xctest"; sourceTree = BUILT_PRODUCTS_DIR; };
		6CD17E341BC2D1E100463CE3 /* Quiz_Ch_01Tests.swift */ = {isa = PBXFileReference; lastKnownFileType = sourcecode.swift; path = Quiz_Ch_01Tests.swift; sourceTree = "<group>"; };
		6CD17E361BC2D1E100463CE3 /* Info.plist */ = {isa = PBXFileReference; lastKnownFileType = text.plist.xml; path = Info.plist; sourceTree = "<group>"; };
		6CD17E3B1BC2D1E100463CE3 /* Quiz-Ch_01UITests.xctest */ = {isa = PBXFileReference; explicitFileType = wrapper.cfbundle; includeInIndex = 0; path = "Quiz-Ch_01UITests.xctest"; sourceTree = BUILT_PRODUCTS_DIR; };
		6CD17E3F1BC2D1E100463CE3 /* Quiz_Ch_01UITests.swift */ = {isa = PBXFileReference; lastKnownFileType = sourcecode.swift; path = Quiz_Ch_01UITests.swift; sourceTree = "<group>"; };
		6CD17E411BC2D1E100463CE3 /* Info.plist */ = {isa = PBXFileReference; lastKnownFileType = text.plist.xml; path = Info.plist; sourceTree = "<group>"; };
		6CD17E4D1BC2DF4100463CE3 /* QuizViewController.swift */ = {isa = PBXFileReference; fileEncoding = 4; lastKnownFileType = sourcecode.swift; name = QuizViewController.swift; path = ../QuizViewController.swift; sourceTree = "<group>"; };
		6CD17E4F1BC2DFC800463CE3 /* Notes.md */ = {isa = PBXFileReference; fileEncoding = 4; lastKnownFileType = net.daringfireball.markdown; path = Notes.md; sourceTree = "<group>"; };
/* End PBXFileReference section */

/* Begin PBXFrameworksBuildPhase section */
		6CD17E191BC2D1E100463CE3 /* Frameworks */ = {
			isa = PBXFrameworksBuildPhase;
			buildActionMask = 2147483647;
			files = (
			);
			runOnlyForDeploymentPostprocessing = 0;
		};
		6CD17E2D1BC2D1E100463CE3 /* Frameworks */ = {
			isa = PBXFrameworksBuildPhase;
			buildActionMask = 2147483647;
			files = (
			);
			runOnlyForDeploymentPostprocessing = 0;
		};
		6CD17E381BC2D1E100463CE3 /* Frameworks */ = {
			isa = PBXFrameworksBuildPhase;
			buildActionMask = 2147483647;
			files = (
			);
			runOnlyForDeploymentPostprocessing = 0;
		};
/* End PBXFrameworksBuildPhase section */

/* Begin PBXGroup section */
		6CD17E131BC2D1E100463CE3 = {
			isa = PBXGroup;
			children = (
				6CD17E4F1BC2DFC800463CE3 /* Notes.md */,
				6CD17E1E1BC2D1E100463CE3 /* Quiz-Ch_01 */,
				6CD17E331BC2D1E100463CE3 /* Quiz-Ch_01Tests */,
				6CD17E3E1BC2D1E100463CE3 /* Quiz-Ch_01UITests */,
				6CD17E1D1BC2D1E100463CE3 /* Products */,
			);
			sourceTree = "<group>";
		};
		6CD17E1D1BC2D1E100463CE3 /* Products */ = {
			isa = PBXGroup;
			children = (
				6CD17E1C1BC2D1E100463CE3 /* Quiz-Ch_01.app */,
				6CD17E301BC2D1E100463CE3 /* Quiz-Ch_01Tests.xctest */,
				6CD17E3B1BC2D1E100463CE3 /* Quiz-Ch_01UITests.xctest */,
			);
			name = Products;
			sourceTree = "<group>";
		};
		6CD17E1E1BC2D1E100463CE3 /* Quiz-Ch_01 */ = {
			isa = PBXGroup;
			children = (
				6CD17E4D1BC2DF4100463CE3 /* QuizViewController.swift */,
				6CD17E1F1BC2D1E100463CE3 /* AppDelegate.swift */,
				6CD17E231BC2D1E100463CE3 /* Main.storyboard */,
				6CD17E261BC2D1E100463CE3 /* Assets.xcassets */,
				6CD17E281BC2D1E100463CE3 /* LaunchScreen.storyboard */,
				6CD17E2B1BC2D1E100463CE3 /* Info.plist */,
			);
			path = "Quiz-Ch_01";
			sourceTree = "<group>";
		};
		6CD17E331BC2D1E100463CE3 /* Quiz-Ch_01Tests */ = {
			isa = PBXGroup;
			children = (
				6CD17E341BC2D1E100463CE3 /* Quiz_Ch_01Tests.swift */,
				6CD17E361BC2D1E100463CE3 /* Info.plist */,
			);
			path = "Quiz-Ch_01Tests";
			sourceTree = "<group>";
		};
		6CD17E3E1BC2D1E100463CE3 /* Quiz-Ch_01UITests */ = {
			isa = PBXGroup;
			children = (
				6CD17E3F1BC2D1E100463CE3 /* Quiz_Ch_01UITests.swift */,
				6CD17E411BC2D1E100463CE3 /* Info.plist */,
			);
			path = "Quiz-Ch_01UITests";
			sourceTree = "<group>";
		};
/* End PBXGroup section */

/* Begin PBXNativeTarget section */
		6CD17E1B1BC2D1E100463CE3 /* Quiz-Ch_01 */ = {
			isa = PBXNativeTarget;
			buildConfigurationList = 6CD17E441BC2D1E100463CE3 /* Build configuration list for PBXNativeTarget "Quiz-Ch_01" */;
			buildPhases = (
				6CD17E181BC2D1E100463CE3 /* Sources */,
				6CD17E191BC2D1E100463CE3 /* Frameworks */,
				6CD17E1A1BC2D1E100463CE3 /* Resources */,
			);
			buildRules = (
			);
			dependencies = (
			);
			name = "Quiz-Ch_01";
			productName = "Quiz-Ch_01";
			productReference = 6CD17E1C1BC2D1E100463CE3 /* Quiz-Ch_01.app */;
			productType = "com.apple.product-type.application";
		};
		6CD17E2F1BC2D1E100463CE3 /* Quiz-Ch_01Tests */ = {
			isa = PBXNativeTarget;
			buildConfigurationList = 6CD17E471BC2D1E100463CE3 /* Build configuration list for PBXNativeTarget "Quiz-Ch_01Tests" */;
			buildPhases = (
				6CD17E2C1BC2D1E100463CE3 /* Sources */,
				6CD17E2D1BC2D1E100463CE3 /* Frameworks */,
				6CD17E2E1BC2D1E100463CE3 /* Resources */,
			);
			buildRules = (
			);
			dependencies = (
				6CD17E321BC2D1E100463CE3 /* PBXTargetDependency */,
			);
			name = "Quiz-Ch_01Tests";
			productName = "Quiz-Ch_01Tests";
			productReference = 6CD17E301BC2D1E100463CE3 /* Quiz-Ch_01Tests.xctest */;
			productType = "com.apple.product-type.bundle.unit-test";
		};
		6CD17E3A1BC2D1E100463CE3 /* Quiz-Ch_01UITests */ = {
			isa = PBXNativeTarget;
			buildConfigurationList = 6CD17E4A1BC2D1E100463CE3 /* Build configuration list for PBXNativeTarget "Quiz-Ch_01UITests" */;
			buildPhases = (
				6CD17E371BC2D1E100463CE3 /* Sources */,
				6CD17E381BC2D1E100463CE3 /* Frameworks */,
				6CD17E391BC2D1E100463CE3 /* Resources */,
			);
			buildRules = (
			);
			dependencies = (
				6CD17E3D1BC2D1E100463CE3 /* PBXTargetDependency */,
			);
			name = "Quiz-Ch_01UITests";
			productName = "Quiz-Ch_01UITests";
			productReference = 6CD17E3B1BC2D1E100463CE3 /* Quiz-Ch_01UITests.xctest */;
			productType = "com.apple.product-type.bundle.ui-testing";
		};
/* End PBXNativeTarget section */

/* Begin PBXProject section */
		6CD17E141BC2D1E100463CE3 /* Project object */ = {
			isa = PBXProject;
			attributes = {
				LastUpgradeCheck = 0700;
				ORGANIZATIONNAME = "Geoff Dudgeon";
				TargetAttributes = {
					6CD17E1B1BC2D1E100463CE3 = {
						CreatedOnToolsVersion = 7.0.1;
					};
					6CD17E2F1BC2D1E100463CE3 = {
						CreatedOnToolsVersion = 7.0.1;
						TestTargetID = 6CD17E1B1BC2D1E100463CE3;
					};
					6CD17E3A1BC2D1E100463CE3 = {
						CreatedOnToolsVersion = 7.0.1;
						TestTargetID = 6CD17E1B1BC2D1E100463CE3;
					};
				};
			};
			buildConfigurationList = 6CD17E171BC2D1E100463CE3 /* Build configuration list for PBXProject "Quiz-Ch_01" */;
			compatibilityVersion = "Xcode 3.2";
			developmentRegion = English;
			hasScannedForEncodings = 0;
			knownRegions = (
				en,
				Base,
			);
			mainGroup = 6CD17E131BC2D1E100463CE3;
			productRefGroup = 6CD17E1D1BC2D1E100463CE3 /* Products */;
			projectDirPath = "";
			projectRoot = "";
			targets = (
				6CD17E1B1BC2D1E100463CE3 /* Quiz-Ch_01 */,
				6CD17E2F1BC2D1E100463CE3 /* Quiz-Ch_01Tests */,
				6CD17E3A1BC2D1E100463CE3 /* Quiz-Ch_01UITests */,
			);
		};
/* End PBXProject section */

/* Begin PBXResourcesBuildPhase section */
		6CD17E1A1BC2D1E100463CE3 /* Resources */ = {
			isa = PBXResourcesBuildPhase;
			buildActionMask = 2147483647;
			files = (
				6CD17E2A1BC2D1E100463CE3 /* LaunchScreen.storyboard in Resources */,
				6CD17E271BC2D1E100463CE3 /* Assets.xcassets in Resources */,
				6CD17E251BC2D1E100463CE3 /* Main.storyboard in Resources */,
			);
			runOnlyForDeploymentPostprocessing = 0;
		};
		6CD17E2E1BC2D1E100463CE3 /* Resources */ = {
			isa = PBXResourcesBuildPhase;
			buildActionMask = 2147483647;
			files = (
			);
			runOnlyForDeploymentPostprocessing = 0;
		};
		6CD17E391BC2D1E100463CE3 /* Resources */ = {
			isa = PBXResourcesBuildPhase;
			buildActionMask = 2147483647;
			files = (
			);
			runOnlyForDeploymentPostprocessing = 0;
		};
/* End PBXResourcesBuildPhase section */

/* Begin PBXSourcesBuildPhase section */
		6CD17E181BC2D1E100463CE3 /* Sources */ = {
			isa = PBXSourcesBuildPhase;
			buildActionMask = 2147483647;
			files = (
				6CD17E201BC2D1E100463CE3 /* AppDelegate.swift in Sources */,
				6CD17E4E1BC2DF4100463CE3 /* QuizViewController.swift in Sources */,
				6CD17E501BC2DFC800463CE3 /* Notes.md in Sources */,
			);
			runOnlyForDeploymentPostprocessing = 0;
		};
		6CD17E2C1BC2D1E100463CE3 /* Sources */ = {
			isa = PBXSourcesBuildPhase;
			buildActionMask = 2147483647;
			files = (
				6CD17E351BC2D1E100463CE3 /* Quiz_Ch_01Tests.swift in Sources */,
			);
			runOnlyForDeploymentPostprocessing = 0;
		};
		6CD17E371BC2D1E100463CE3 /* Sources */ = {
			isa = PBXSourcesBuildPhase;
			buildActionMask = 2147483647;
			files = (
				6CD17E401BC2D1E100463CE3 /* Quiz_Ch_01UITests.swift in Sources */,
			);
			runOnlyForDeploymentPostprocessing = 0;
		};
/* End PBXSourcesBuildPhase section */

/* Begin PBXTargetDependency section */
		6CD17E321BC2D1E100463CE3 /* PBXTargetDependency */ = {
			isa = PBXTargetDependency;
			target = 6CD17E1B1BC2D1E100463CE3 /* Quiz-Ch_01 */;
			targetProxy = 6CD17E311BC2D1E100463CE3 /* PBXContainerItemProxy */;
		};
		6CD17E3D1BC2D1E100463CE3 /* PBXTargetDependency */ = {
			isa = PBXTargetDependency;
			target = 6CD17E1B1BC2D1E100463CE3 /* Quiz-Ch_01 */;
			targetProxy = 6CD17E3C1BC2D1E100463CE3 /* PBXContainerItemProxy */;
		};
/* End PBXTargetDependency section */

/* Begin PBXVariantGroup section */
		6CD17E231BC2D1E100463CE3 /* Main.storyboard */ = {
			isa = PBXVariantGroup;
			children = (
				6CD17E241BC2D1E100463CE3 /* Base */,
			);
			name = Main.storyboard;
			sourceTree = "<group>";
		};
		6CD17E281BC2D1E100463CE3 /* LaunchScreen.storyboard */ = {
			isa = PBXVariantGroup;
			children = (
				6CD17E291BC2D1E100463CE3 /* Base */,
			);
			name = LaunchScreen.storyboard;
			sourceTree = "<group>";
		};
/* End PBXVariantGroup section */

/* Begin XCBuildConfiguration section */
		6CD17E421BC2D1E100463CE3 /* Debug */ = {
			isa = XCBuildConfiguration;
			buildSettings = {
				ALWAYS_SEARCH_USER_PATHS = NO;
				CLANG_CXX_LANGUAGE_STANDARD = "gnu++0x";
				CLANG_CXX_LIBRARY = "libc++";
				CLANG_ENABLE_MODULES = YES;
				CLANG_ENABLE_OBJC_ARC = YES;
				CLANG_WARN_BOOL_CONVERSION = YES;
				CLANG_WARN_CONSTANT_CONVERSION = YES;
				CLANG_WARN_DIRECT_OBJC_ISA_USAGE = YES_ERROR;
				CLANG_WARN_EMPTY_BODY = YES;
				CLANG_WARN_ENUM_CONVERSION = YES;
				CLANG_WARN_INT_CONVERSION = YES;
				CLANG_WARN_OBJC_ROOT_CLASS = YES_ERROR;
				CLANG_WARN_UNREACHABLE_CODE = YES;
				CLANG_WARN__DUPLICATE_METHOD_MATCH = YES;
				"CODE_SIGN_IDENTITY[sdk=iphoneos*]" = "iPhone Developer";
				COPY_PHASE_STRIP = NO;
				DEBUG_INFORMATION_FORMAT = dwarf;
				ENABLE_STRICT_OBJC_MSGSEND = YES;
				ENABLE_TESTABILITY = YES;
				GCC_C_LANGUAGE_STANDARD = gnu99;
				GCC_DYNAMIC_NO_PIC = NO;
				GCC_NO_COMMON_BLOCKS = YES;
				GCC_OPTIMIZATION_LEVEL = 0;
				GCC_PREPROCESSOR_DEFINITIONS = (
					"DEBUG=1",
					"$(inherited)",
				);
				GCC_WARN_64_TO_32_BIT_CONVERSION = YES;
				GCC_WARN_ABOUT_RETURN_TYPE = YES_ERROR;
				GCC_WARN_UNDECLARED_SELECTOR = YES;
				GCC_WARN_UNINITIALIZED_AUTOS = YES_AGGRESSIVE;
				GCC_WARN_UNUSED_FUNCTION = YES;
				GCC_WARN_UNUSED_VARIABLE = YES;
				IPHONEOS_DEPLOYMENT_TARGET = 9.0;
				MTL_ENABLE_DEBUG_INFO = YES;
				ONLY_ACTIVE_ARCH = YES;
				SDKROOT = iphoneos;
				SWIFT_OPTIMIZATION_LEVEL = "-Onone";
			};
			name = Debug;
		};
		6CD17E431BC2D1E100463CE3 /* Release */ = {
			isa = XCBuildConfiguration;
			buildSettings = {
				ALWAYS_SEARCH_USER_PATHS = NO;
				CLANG_CXX_LANGUAGE_STANDARD = "gnu++0x";
				CLANG_CXX_LIBRARY = "libc++";
				CLANG_ENABLE_MODULES = YES;
				CLANG_ENABLE_OBJC_ARC = YES;
				CLANG_WARN_BOOL_CONVERSION = YES;
				CLANG_WARN_CONSTANT_CONVERSION = YES;
				CLANG_WARN_DIRECT_OBJC_ISA_USAGE = YES_ERROR;
				CLANG_WARN_EMPTY_BODY = YES;
				CLANG_WARN_ENUM_CONVERSION = YES;
				CLANG_WARN_INT_CONVERSION = YES;
				CLANG_WARN_OBJC_ROOT_CLASS = YES_ERROR;
				CLANG_WARN_UNREACHABLE_CODE = YES;
				CLANG_WARN__DUPLICATE_METHOD_MATCH = YES;
				"CODE_SIGN_IDENTITY[sdk=iphoneos*]" = "iPhone Developer";
				COPY_PHASE_STRIP = NO;
				DEBUG_INFORMATION_FORMAT = "dwarf-with-dsym";
				ENABLE_NS_ASSERTIONS = NO;
				ENABLE_STRICT_OBJC_MSGSEND = YES;
				GCC_C_LANGUAGE_STANDARD = gnu99;
				GCC_NO_COMMON_BLOCKS = YES;
				GCC_WARN_64_TO_32_BIT_CONVERSION = YES;
				GCC_WARN_ABOUT_RETURN_TYPE = YES_ERROR;
				GCC_WARN_UNDECLARED_SELECTOR = YES;
				GCC_WARN_UNINITIALIZED_AUTOS = YES_AGGRESSIVE;
				GCC_WARN_UNUSED_FUNCTION = YES;
				GCC_WARN_UNUSED_VARIABLE = YES;
				IPHONEOS_DEPLOYMENT_TARGET = 9.0;
				MTL_ENABLE_DEBUG_INFO = NO;
				SDKROOT = iphoneos;
				VALIDATE_PRODUCT = YES;
			};
			name = Release;
		};
		6CD17E451BC2D1E100463CE3 /* Debug */ = {
			isa = XCBuildConfiguration;
			buildSettings = {
				ASSETCATALOG_COMPILER_APPICON_NAME = AppIcon;
				INFOPLIST_FILE = "Quiz-Ch_01/Info.plist";
				LD_RUNPATH_SEARCH_PATHS = "$(inherited) @executable_path/Frameworks";
				PRODUCT_BUNDLE_IDENTIFIER = "is.geoff.Quiz-Ch-01";
				PRODUCT_NAME = "$(TARGET_NAME)";
				TARGETED_DEVICE_FAMILY = 1;
			};
			name = Debug;
		};
		6CD17E461BC2D1E100463CE3 /* Release */ = {
			isa = XCBuildConfiguration;
			buildSettings = {
				ASSETCATALOG_COMPILER_APPICON_NAME = AppIcon;
				INFOPLIST_FILE = "Quiz-Ch_01/Info.plist";
				LD_RUNPATH_SEARCH_PATHS = "$(inherited) @executable_path/Frameworks";
				PRODUCT_BUNDLE_IDENTIFIER = "is.geoff.Quiz-Ch-01";
				PRODUCT_NAME = "$(TARGET_NAME)";
				TARGETED_DEVICE_FAMILY = 1;
			};
			name = Release;
		};
		6CD17E481BC2D1E100463CE3 /* Debug */ = {
			isa = XCBuildConfiguration;
			buildSettings = {
				BUNDLE_LOADER = "$(TEST_HOST)";
				INFOPLIST_FILE = "Quiz-Ch_01Tests/Info.plist";
				LD_RUNPATH_SEARCH_PATHS = "$(inherited) @executable_path/Frameworks @loader_path/Frameworks";
				PRODUCT_BUNDLE_IDENTIFIER = "is.geoff.Quiz-Ch-01Tests";
				PRODUCT_NAME = "$(TARGET_NAME)";
				TEST_HOST = "$(BUILT_PRODUCTS_DIR)/Quiz-Ch_01.app/Quiz-Ch_01";
			};
			name = Debug;
		};
		6CD17E491BC2D1E100463CE3 /* Release */ = {
			isa = XCBuildConfiguration;
			buildSettings = {
				BUNDLE_LOADER = "$(TEST_HOST)";
				INFOPLIST_FILE = "Quiz-Ch_01Tests/Info.plist";
				LD_RUNPATH_SEARCH_PATHS = "$(inherited) @executable_path/Frameworks @loader_path/Frameworks";
				PRODUCT_BUNDLE_IDENTIFIER = "is.geoff.Quiz-Ch-01Tests";
				PRODUCT_NAME = "$(TARGET_NAME)";
				TEST_HOST = "$(BUILT_PRODUCTS_DIR)/Quiz-Ch_01.app/Quiz-Ch_01";
			};
			name = Release;
		};
		6CD17E4B1BC2D1E100463CE3 /* Debug */ = {
			isa = XCBuildConfiguration;
			buildSettings = {
				INFOPLIST_FILE = "Quiz-Ch_01UITests/Info.plist";
				LD_RUNPATH_SEARCH_PATHS = "$(inherited) @executable_path/Frameworks @loader_path/Frameworks";
				PRODUCT_BUNDLE_IDENTIFIER = "is.geoff.Quiz-Ch-01UITests";
				PRODUCT_NAME = "$(TARGET_NAME)";
				TEST_TARGET_NAME = "Quiz-Ch_01";
				USES_XCTRUNNER = YES;
			};
			name = Debug;
		};
		6CD17E4C1BC2D1E100463CE3 /* Release */ = {
			isa = XCBuildConfiguration;
			buildSettings = {
				INFOPLIST_FILE = "Quiz-Ch_01UITests/Info.plist";
				LD_RUNPATH_SEARCH_PATHS = "$(inherited) @executable_path/Frameworks @loader_path/Frameworks";
				PRODUCT_BUNDLE_IDENTIFIER = "is.geoff.Quiz-Ch-01UITests";
				PRODUCT_NAME = "$(TARGET_NAME)";
				TEST_TARGET_NAME = "Quiz-Ch_01";
				USES_XCTRUNNER = YES;
			};
			name = Release;
		};
/* End XCBuildConfiguration section */

/* Begin XCConfigurationList section */
		6CD17E171BC2D1E100463CE3 /* Build configuration list for PBXProject "Quiz-Ch_01" */ = {
			isa = XCConfigurationList;
			buildConfigurations = (
				6CD17E421BC2D1E100463CE3 /* Debug */,
				6CD17E431BC2D1E100463CE3 /* Release */,
			);
			defaultConfigurationIsVisible = 0;
			defaultConfigurationName = Release;
		};
		6CD17E441BC2D1E100463CE3 /* Build configuration list for PBXNativeTarget "Quiz-Ch_01" */ = {
			isa = XCConfigurationList;
			buildConfigurations = (
				6CD17E451BC2D1E100463CE3 /* Debug */,
				6CD17E461BC2D1E100463CE3 /* Release */,
			);
			defaultConfigurationIsVisible = 0;
		};
		6CD17E471BC2D1E100463CE3 /* Build configuration list for PBXNativeTarget "Quiz-Ch_01Tests" */ = {
			isa = XCConfigurationList;
			buildConfigurations = (
				6CD17E481BC2D1E100463CE3 /* Debug */,
				6CD17E491BC2D1E100463CE3 /* Release */,
			);
			defaultConfigurationIsVisible = 0;
		};
		6CD17E4A1BC2D1E100463CE3 /* Build configuration list for PBXNativeTarget "Quiz-Ch_01UITests" */ = {
			isa = XCConfigurationList;
			buildConfigurations = (
				6CD17E4B1BC2D1E100463CE3 /* Debug */,
				6CD17E4C1BC2D1E100463CE3 /* Release */,
			);
			defaultConfigurationIsVisible = 0;
		};
/* End XCConfigurationList section */
	};
	rootObject = 6CD17E141BC2D1E100463CE3 /* Project object */;
}
